
Microsoft Visual Studio Solution File, Format Version 12.00
# Visual Studio Version 17
VisualStudioVersion = 17.5.33530.505
MinimumVisualStudioVersion = 10.0.40219.1
Project("{FAE04EC0-301F-11D3-BF4B-00C04F79EFBC}") = "Anakart Database", "Anakart Database\Anakart Database.csproj", "{6A8FF2C5-9F6C-4586-AE21-B31D3F010E98}"
EndProject
Global
	GlobalSection(SolutionConfigurationPlatforms) = preSolution
		Debug|Any CPU = Debug|Any CPU
		Release|Any CPU = Release|Any CPU
	EndGlobalSection
	GlobalSection(ProjectConfigurationPlatforms) = postSolution
		{6A8FF2C5-9F6C-4586-AE21-B31D3F010E98}.Debug|Any CPU.ActiveCfg = Debug|Any CPU
		{6A8FF2C5-9F6C-4586-AE21-B31D3F010E98}.Debug|Any CPU.Build.0 = Debug|Any CPU
		{6A8FF2C5-9F6C-4586-AE21-B31D3F010E98}.Release|Any CPU.ActiveCfg = Release|Any CPU
		{6A8FF2C5-9F6C-4586-AE21-B31D3F010E98}.Release|Any CPU.Build.0 = Release|Any CPU
	EndGlobalSection
	GlobalSection(SolutionProperties) = preSolution
		HideSolutionNode = FALSE
	EndGlobalSection
	GlobalSection(ExtensibilityGlobals) = postSolution
		SolutionGuid = {1FB6B921-B06F-42FE-B537-3622DD4AB7A7}
	EndGlobalSection
EndGlobal
